
Microsoft Visual Studio Solution File, Format Version 12.00
# Visual Studio Version 17
VisualStudioVersion = 17.0.31903.59
MinimumVisualStudioVersion = 10.0.40219.1

Project("{FAE04EC0-301F-11D3-BF4B-00C04F79EFBC}") = "Testing", "Testing\Testing.csproj", "{BB129CF9-1948-48B2-8F52-296A5C43ADA2}"
EndProject
Global
	GlobalSection(SolutionConfigurationPlatforms) = preSolution
		Debug|Any CPU = Debug|Any CPU
		Release|Any CPU = Release|Any CPU
	EndGlobalSection
	GlobalSection(SolutionProperties) = preSolution
		HideSolutionNode = FALSE
	EndGlobalSection
	GlobalSection(ProjectConfigurationPlatforms) = postSolution
		{5D143DE3-1CD1-4705-8D46-85A290AAE649}.Debug|Any CPU.ActiveCfg = Debug|Any CPU
		{5D143DE3-1CD1-4705-8D46-85A290AAE649}.Debug|Any CPU.Build.0 = Debug|Any CPU
		{5D143DE3-1CD1-4705-8D46-85A290AAE649}.Release|Any CPU.ActiveCfg = Release|Any CPU
		{5D143DE3-1CD1-4705-8D46-85A290AAE649}.Release|Any CPU.Build.0 = Release|Any CPU
		{82F5A238-1250-419B-9664-BFF21A31A689}.Debug|Any CPU.ActiveCfg = Debug|Any CPU
		{82F5A238-1250-419B-9664-BFF21A31A689}.Debug|Any CPU.Build.0 = Debug|Any CPU
		{82F5A238-1250-419B-9664-BFF21A31A689}.Release|Any CPU.ActiveCfg = Release|Any CPU
		{82F5A238-1250-419B-9664-BFF21A31A689}.Release|Any CPU.Build.0 = Release|Any CPU
		{BB129CF9-1948-48B2-8F52-296A5C43ADA2}.Debug|Any CPU.ActiveCfg = Debug|Any CPU
		{BB129CF9-1948-48B2-8F52-296A5C43ADA2}.Debug|Any CPU.Build.0 = Debug|Any CPU
		{BB129CF9-1948-48B2-8F52-296A5C43ADA2}.Release|Any CPU.ActiveCfg = Release|Any CPU
		{BB129CF9-1948-48B2-8F52-296A5C43ADA2}.Release|Any CPU.Build.0 = Release|Any CPU
	EndGlobalSection
EndGlobal
